
Microsoft Visual Studio Solution File, Format Version 12.00
# Visual Studio Version 17
VisualStudioVersion = 17.0.31903.59
MinimumVisualStudioVersion = 10.0.40219.1
Project("{2150E333-8FDC-42A3-9474-1A3956D46DE8}") = "Contexts", "Contexts", "{41BE4ED0-F343-41F2-AD53-156B92C870C2}"
EndProject
Project("{2150E333-8FDC-42A3-9474-1A3956D46DE8}") = "CartCheckout", "CartCheckout", "{F18090CD-47B3-4CBE-9CAB-7BE7104CDA51}"
EndProject
Project("{FAE04EC0-301F-11D3-BF4B-00C04F79EFBC}") = "CartCheckout.Api", "Contexts\CartCheckout\Api\CartCheckout.Api.csproj", "{8EFC2624-7B46-4E59-9DC2-7C13A3B6AB42}"
EndProject
Project("{FAE04EC0-301F-11D3-BF4B-00C04F79EFBC}") = "CartCheckout.Application", "Contexts\CartCheckout\Application\CartCheckout.Application.csproj", "{99FC2DD6-455B-4292-B8D0-047FB59D1583}"
EndProject
Project("{FAE04EC0-301F-11D3-BF4B-00C04F79EFBC}") = "CartCheckout.Domain", "Contexts\CartCheckout\Domain\CartCheckout.Domain.csproj", "{3E39148E-9920-405D-A95A-8FD9D1D99849}"
EndProject
Project("{FAE04EC0-301F-11D3-BF4B-00C04F79EFBC}") = "CartCheckout.Infrastructure", "Contexts\CartCheckout\Infrastructure\CartCheckout.Infrastructure.csproj", "{AA8696AB-CF01-4E05-AF7E-6BACFCF8AF30}"
EndProject
Project("{2150E333-8FDC-42A3-9474-1A3956D46DE8}") = "Catalog", "Catalog", "{663F3CEF-AE56-41CE-8FF7-84DF712043CB}"
EndProject
Project("{FAE04EC0-301F-11D3-BF4B-00C04F79EFBC}") = "Catalog.Api", "Contexts\Catalog\Api\Catalog.Api.csproj", "{579038A0-7943-4768-91F1-0D22C8F9DC94}"
EndProject
Project("{FAE04EC0-301F-11D3-BF4B-00C04F79EFBC}") = "Catalog.Application", "Contexts\Catalog\Application\Catalog.Application.csproj", "{4374F141-55EE-4BBF-BE58-D327FF302575}"
EndProject
Project("{FAE04EC0-301F-11D3-BF4B-00C04F79EFBC}") = "Catalog.Domain", "Contexts\Catalog\Domain\Catalog.Domain.csproj", "{52B8F015-AB76-41BA-BA2E-1D5D7344DAE9}"
EndProject
Project("{FAE04EC0-301F-11D3-BF4B-00C04F79EFBC}") = "Catalog.Infrastructure", "Contexts\Catalog\Infrastructure\Catalog.Infrastructure.csproj", "{4626DAD8-EF0B-4F82-892D-B043EB7A58C9}"
EndProject
Project("{2150E333-8FDC-42A3-9474-1A3956D46DE8}") = "Content", "Content", "{DD767A92-3A48-4123-8AD7-EF300455E57E}"
EndProject
Project("{FAE04EC0-301F-11D3-BF4B-00C04F79EFBC}") = "Content.Api", "Contexts\Content\Api\Content.Api.csproj", "{C3A2AF50-5C21-4F48-B790-56AAD9094B14}"
EndProject
Project("{FAE04EC0-301F-11D3-BF4B-00C04F79EFBC}") = "Content.Application", "Contexts\Content\Application\Content.Application.csproj", "{B05B8E0D-F34A-47DC-8DD6-8168A0574271}"
EndProject
Project("{FAE04EC0-301F-11D3-BF4B-00C04F79EFBC}") = "Content.Domain", "Contexts\Content\Domain\Content.Domain.csproj", "{C47ECD25-56C1-49DD-8B57-2B8349E49921}"
EndProject
Project("{FAE04EC0-301F-11D3-BF4B-00C04F79EFBC}") = "Content.Infrastructure", "Contexts\Content\Infrastructure\Content.Infrastructure.csproj", "{80F7AF0C-2142-49F0-983C-E779A2CEF9AE}"
EndProject
Project("{2150E333-8FDC-42A3-9474-1A3956D46DE8}") = "Customer", "Customer", "{2789EDAF-74B6-4A3D-9ABB-65627F873FA7}"
EndProject
Project("{FAE04EC0-301F-11D3-BF4B-00C04F79EFBC}") = "Customer.Api", "Contexts\Customer\Api\Customer.Api.csproj", "{5ADB0A1F-BCD0-4472-8909-F91609AFE3B4}"
EndProject
Project("{FAE04EC0-301F-11D3-BF4B-00C04F79EFBC}") = "Customer.Application", "Contexts\Customer\Application\Customer.Application.csproj", "{4EFE0437-8038-4876-8D10-C20963784301}"
EndProject
Project("{FAE04EC0-301F-11D3-BF4B-00C04F79EFBC}") = "Customer.Domain", "Contexts\Customer\Domain\Customer.Domain.csproj", "{71052FD2-051E-451C-B68D-3219FDCEF737}"
EndProject
Project("{FAE04EC0-301F-11D3-BF4B-00C04F79EFBC}") = "Customer.Infrastructure", "Contexts\Customer\Infrastructure\Customer.Infrastructure.csproj", "{8CEFCCA3-7F4D-44C0-932E-61C96D662A2E}"
EndProject
Project("{2150E333-8FDC-42A3-9474-1A3956D46DE8}") = "Integrations", "Integrations", "{8C129A20-14BF-41A0-9E5D-27BE0AA51BC8}"
EndProject
Project("{FAE04EC0-301F-11D3-BF4B-00C04F79EFBC}") = "Integrations.Api", "Contexts\Integrations\Api\Integrations.Api.csproj", "{3510D798-93BB-4184-A196-ACB46D9723CC}"
EndProject
Project("{FAE04EC0-301F-11D3-BF4B-00C04F79EFBC}") = "Integrations.Application", "Contexts\Integrations\Application\Integrations.Application.csproj", "{ECD6B79E-B756-40E7-BA0B-D62338E85D37}"
EndProject
Project("{FAE04EC0-301F-11D3-BF4B-00C04F79EFBC}") = "Integrations.Domain", "Contexts\Integrations\Domain\Integrations.Domain.csproj", "{479E7D9E-08F0-44C4-92BB-F6681CEDB93F}"
EndProject
Project("{FAE04EC0-301F-11D3-BF4B-00C04F79EFBC}") = "Integrations.Infrastructure", "Contexts\Integrations\Infrastructure\Integrations.Infrastructure.csproj", "{E8E6F4B7-7C50-43B9-BB38-7CAFE69D293B}"
EndProject
Project("{2150E333-8FDC-42A3-9474-1A3956D46DE8}") = "Localization", "Localization", "{6AB762FA-0C35-4614-9D0B-D1E974738A9C}"
EndProject
Project("{FAE04EC0-301F-11D3-BF4B-00C04F79EFBC}") = "Localization.Api", "Contexts\Localization\Api\Localization.Api.csproj", "{14CB0B11-BCD6-4120-BBFD-95AA63CF3CD4}"
EndProject
Project("{FAE04EC0-301F-11D3-BF4B-00C04F79EFBC}") = "Localization.Application", "Contexts\Localization\Application\Localization.Application.csproj", "{B9E8A208-187A-4FC4-AA28-4B1ED0007D89}"
EndProject
Project("{FAE04EC0-301F-11D3-BF4B-00C04F79EFBC}") = "Localization.Domain", "Contexts\Localization\Domain\Localization.Domain.csproj", "{52B234CB-90EB-4957-8EAB-01F8BA1A48A1}"
EndProject
Project("{FAE04EC0-301F-11D3-BF4B-00C04F79EFBC}") = "Localization.Infrastructure", "Contexts\Localization\Infrastructure\Localization.Infrastructure.csproj", "{0035E7E4-8A88-4D0D-B2E1-CC7070B381E8}"
EndProject
Project("{2150E333-8FDC-42A3-9474-1A3956D46DE8}") = "Orders", "Orders", "{BEAA8E88-FD34-4B32-B96E-7C5D176CA344}"
EndProject
Project("{FAE04EC0-301F-11D3-BF4B-00C04F79EFBC}") = "Orders.Api", "Contexts\Orders\Api\Orders.Api.csproj", "{3A27A164-486B-42D0-A4F3-CA1C5F7EFCA8}"
EndProject
Project("{FAE04EC0-301F-11D3-BF4B-00C04F79EFBC}") = "Orders.Application", "Contexts\Orders\Application\Orders.Application.csproj", "{E91AD68A-0E48-4268-87D6-1A5E46533A82}"
EndProject
Project("{FAE04EC0-301F-11D3-BF4B-00C04F79EFBC}") = "Orders.Domain", "Contexts\Orders\Domain\Orders.Domain.csproj", "{E86FC8D7-3BF0-4913-9761-F2DDEB77B9F2}"
EndProject
Project("{FAE04EC0-301F-11D3-BF4B-00C04F79EFBC}") = "Orders.Infrastructure", "Contexts\Orders\Infrastructure\Orders.Infrastructure.csproj", "{873D9C5E-C31F-4642-8F8A-116275CFE762}"
EndProject
Project("{2150E333-8FDC-42A3-9474-1A3956D46DE8}") = "Payments", "Payments", "{66BACE45-3CF8-49F4-9B24-D521EDD7213B}"
EndProject
Project("{FAE04EC0-301F-11D3-BF4B-00C04F79EFBC}") = "Payments.Api", "Contexts\Payments\Api\Payments.Api.csproj", "{C824CF02-AEF2-4B2D-8E09-22917458078C}"
EndProject
Project("{FAE04EC0-301F-11D3-BF4B-00C04F79EFBC}") = "Payments.Application", "Contexts\Payments\Application\Payments.Application.csproj", "{7DE94E5E-01D6-458D-9AAF-CED6F06FD0A3}"
EndProject
Project("{FAE04EC0-301F-11D3-BF4B-00C04F79EFBC}") = "Payments.Domain", "Contexts\Payments\Domain\Payments.Domain.csproj", "{389A5331-DB8B-4BD3-B221-D1C635ABE2D6}"
EndProject
Project("{FAE04EC0-301F-11D3-BF4B-00C04F79EFBC}") = "Payments.Infrastructure", "Contexts\Payments\Infrastructure\Payments.Infrastructure.csproj", "{2422488E-C575-4C6C-BDC3-A984D7A92A75}"
EndProject
Project("{2150E333-8FDC-42A3-9474-1A3956D46DE8}") = "Promotions", "Promotions", "{E923D54E-5DD5-4C73-802E-1DDDDD182DDD}"
EndProject
Project("{FAE04EC0-301F-11D3-BF4B-00C04F79EFBC}") = "Promotions.Api", "Contexts\Promotions\Api\Promotions.Api.csproj", "{D1DB83F0-11BD-44FA-8DE0-29C8BCA65746}"
EndProject
Project("{FAE04EC0-301F-11D3-BF4B-00C04F79EFBC}") = "Promotions.Application", "Contexts\Promotions\Application\Promotions.Application.csproj", "{40F5CC36-B8F1-4265-9441-5C32DA96C807}"
EndProject
Project("{FAE04EC0-301F-11D3-BF4B-00C04F79EFBC}") = "Promotions.Domain", "Contexts\Promotions\Domain\Promotions.Domain.csproj", "{6723B2DB-1807-4655-BC7D-C464465126B3}"
EndProject
Project("{FAE04EC0-301F-11D3-BF4B-00C04F79EFBC}") = "Promotions.Infrastructure", "Contexts\Promotions\Infrastructure\Promotions.Infrastructure.csproj", "{0F5CA1CD-4B81-4924-82AB-51E1860D9BFD}"
EndProject
Project("{2150E333-8FDC-42A3-9474-1A3956D46DE8}") = "Security", "Security", "{CFFA4AFB-9B9A-47B4-BACA-B6811E53035E}"
EndProject
Project("{FAE04EC0-301F-11D3-BF4B-00C04F79EFBC}") = "Security.Api", "Contexts\Security\Api\Security.Api.csproj", "{B6DE2337-CE53-4026-BA0C-E6EAE22072E7}"
EndProject
Project("{FAE04EC0-301F-11D3-BF4B-00C04F79EFBC}") = "Security.Application", "Contexts\Security\Application\Security.Application.csproj", "{02CD2B47-80F8-4152-9903-9748A7DCD76D}"
EndProject
Project("{FAE04EC0-301F-11D3-BF4B-00C04F79EFBC}") = "Security.Domain", "Contexts\Security\Domain\Security.Domain.csproj", "{5BAAF1B5-4EEC-45CC-92BD-9674D170F91D}"
EndProject
Project("{FAE04EC0-301F-11D3-BF4B-00C04F79EFBC}") = "Security.Infrastructure", "Contexts\Security\Infrastructure\Security.Infrastructure.csproj", "{B041F5C1-CD2D-4B2B-BC7B-FE11A50578DF}"
EndProject
Project("{2150E333-8FDC-42A3-9474-1A3956D46DE8}") = "Shipping", "Shipping", "{EC79A5CE-CDC5-4738-8626-238AE751E9ED}"
EndProject
Project("{FAE04EC0-301F-11D3-BF4B-00C04F79EFBC}") = "Shipping.Api", "Contexts\Shipping\Api\Shipping.Api.csproj", "{607EC535-9244-4CA8-83F7-63E552A53501}"
EndProject
Project("{FAE04EC0-301F-11D3-BF4B-00C04F79EFBC}") = "Shipping.Application", "Contexts\Shipping\Application\Shipping.Application.csproj", "{5CFDC3E2-A69A-487D-AFE0-98E883C4B3DF}"
EndProject
Project("{FAE04EC0-301F-11D3-BF4B-00C04F79EFBC}") = "Shipping.Domain", "Contexts\Shipping\Domain\Shipping.Domain.csproj", "{C735799B-FD2D-4569-92D3-3A56D20A32F6}"
EndProject
Project("{FAE04EC0-301F-11D3-BF4B-00C04F79EFBC}") = "Shipping.Infrastructure", "Contexts\Shipping\Infrastructure\Shipping.Infrastructure.csproj", "{0A926BBF-8306-4690-A144-FBB6767CE0E1}"
EndProject
Project("{FAE04EC0-301F-11D3-BF4B-00C04F79EFBC}") = "ReqnrollTests", "..\tests\ReqnrollTests\ReqnrollTests.csproj", "{0E43B514-D241-4C05-A99D-6868FD43F254}"
EndProject
Global
	GlobalSection(SolutionConfigurationPlatforms) = preSolution
		Debug|Any CPU = Debug|Any CPU
		Release|Any CPU = Release|Any CPU
	EndGlobalSection
	GlobalSection(SolutionProperties) = preSolution
		HideSolutionNode = FALSE
	EndGlobalSection
	GlobalSection(ProjectConfigurationPlatforms) = postSolution
		{8EFC2624-7B46-4E59-9DC2-7C13A3B6AB42}.Debug|Any CPU.ActiveCfg = Debug|Any CPU
		{8EFC2624-7B46-4E59-9DC2-7C13A3B6AB42}.Debug|Any CPU.Build.0 = Debug|Any CPU
		{8EFC2624-7B46-4E59-9DC2-7C13A3B6AB42}.Release|Any CPU.ActiveCfg = Release|Any CPU
		{8EFC2624-7B46-4E59-9DC2-7C13A3B6AB42}.Release|Any CPU.Build.0 = Release|Any CPU
		{99FC2DD6-455B-4292-B8D0-047FB59D1583}.Debug|Any CPU.ActiveCfg = Debug|Any CPU
		{99FC2DD6-455B-4292-B8D0-047FB59D1583}.Debug|Any CPU.Build.0 = Debug|Any CPU
		{99FC2DD6-455B-4292-B8D0-047FB59D1583}.Release|Any CPU.ActiveCfg = Release|Any CPU
		{99FC2DD6-455B-4292-B8D0-047FB59D1583}.Release|Any CPU.Build.0 = Release|Any CPU
		{3E39148E-9920-405D-A95A-8FD9D1D99849}.Debug|Any CPU.ActiveCfg = Debug|Any CPU
		{3E39148E-9920-405D-A95A-8FD9D1D99849}.Debug|Any CPU.Build.0 = Debug|Any CPU
		{3E39148E-9920-405D-A95A-8FD9D1D99849}.Release|Any CPU.ActiveCfg = Release|Any CPU
		{3E39148E-9920-405D-A95A-8FD9D1D99849}.Release|Any CPU.Build.0 = Release|Any CPU
		{AA8696AB-CF01-4E05-AF7E-6BACFCF8AF30}.Debug|Any CPU.ActiveCfg = Debug|Any CPU
		{AA8696AB-CF01-4E05-AF7E-6BACFCF8AF30}.Debug|Any CPU.Build.0 = Debug|Any CPU
		{AA8696AB-CF01-4E05-AF7E-6BACFCF8AF30}.Release|Any CPU.ActiveCfg = Release|Any CPU
		{AA8696AB-CF01-4E05-AF7E-6BACFCF8AF30}.Release|Any CPU.Build.0 = Release|Any CPU
		{579038A0-7943-4768-91F1-0D22C8F9DC94}.Debug|Any CPU.ActiveCfg = Debug|Any CPU
		{579038A0-7943-4768-91F1-0D22C8F9DC94}.Debug|Any CPU.Build.0 = Debug|Any CPU
		{579038A0-7943-4768-91F1-0D22C8F9DC94}.Release|Any CPU.ActiveCfg = Release|Any CPU
		{579038A0-7943-4768-91F1-0D22C8F9DC94}.Release|Any CPU.Build.0 = Release|Any CPU
		{4374F141-55EE-4BBF-BE58-D327FF302575}.Debug|Any CPU.ActiveCfg = Debug|Any CPU
		{4374F141-55EE-4BBF-BE58-D327FF302575}.Debug|Any CPU.Build.0 = Debug|Any CPU
		{4374F141-55EE-4BBF-BE58-D327FF302575}.Release|Any CPU.ActiveCfg = Release|Any CPU
		{4374F141-55EE-4BBF-BE58-D327FF302575}.Release|Any CPU.Build.0 = Release|Any CPU
		{52B8F015-AB76-41BA-BA2E-1D5D7344DAE9}.Debug|Any CPU.ActiveCfg = Debug|Any CPU
		{52B8F015-AB76-41BA-BA2E-1D5D7344DAE9}.Debug|Any CPU.Build.0 = Debug|Any CPU
		{52B8F015-AB76-41BA-BA2E-1D5D7344DAE9}.Release|Any CPU.ActiveCfg = Release|Any CPU
		{52B8F015-AB76-41BA-BA2E-1D5D7344DAE9}.Release|Any CPU.Build.0 = Release|Any CPU
		{4626DAD8-EF0B-4F82-892D-B043EB7A58C9}.Debug|Any CPU.ActiveCfg = Debug|Any CPU
		{4626DAD8-EF0B-4F82-892D-B043EB7A58C9}.Debug|Any CPU.Build.0 = Debug|Any CPU
		{4626DAD8-EF0B-4F82-892D-B043EB7A58C9}.Release|Any CPU.ActiveCfg = Release|Any CPU
		{4626DAD8-EF0B-4F82-892D-B043EB7A58C9}.Release|Any CPU.Build.0 = Release|Any CPU
		{C3A2AF50-5C21-4F48-B790-56AAD9094B14}.Debug|Any CPU.ActiveCfg = Debug|Any CPU
		{C3A2AF50-5C21-4F48-B790-56AAD9094B14}.Debug|Any CPU.Build.0 = Debug|Any CPU
		{C3A2AF50-5C21-4F48-B790-56AAD9094B14}.Release|Any CPU.ActiveCfg = Release|Any CPU
		{C3A2AF50-5C21-4F48-B790-56AAD9094B14}.Release|Any CPU.Build.0 = Release|Any CPU
		{B05B8E0D-F34A-47DC-8DD6-8168A0574271}.Debug|Any CPU.ActiveCfg = Debug|Any CPU
		{B05B8E0D-F34A-47DC-8DD6-8168A0574271}.Debug|Any CPU.Build.0 = Debug|Any CPU
		{B05B8E0D-F34A-47DC-8DD6-8168A0574271}.Release|Any CPU.ActiveCfg = Release|Any CPU
		{B05B8E0D-F34A-47DC-8DD6-8168A0574271}.Release|Any CPU.Build.0 = Release|Any CPU
		{C47ECD25-56C1-49DD-8B57-2B8349E49921}.Debug|Any CPU.ActiveCfg = Debug|Any CPU
		{C47ECD25-56C1-49DD-8B57-2B8349E49921}.Debug|Any CPU.Build.0 = Debug|Any CPU
		{C47ECD25-56C1-49DD-8B57-2B8349E49921}.Release|Any CPU.ActiveCfg = Release|Any CPU
		{C47ECD25-56C1-49DD-8B57-2B8349E49921}.Release|Any CPU.Build.0 = Release|Any CPU
		{80F7AF0C-2142-49F0-983C-E779A2CEF9AE}.Debug|Any CPU.ActiveCfg = Debug|Any CPU
		{80F7AF0C-2142-49F0-983C-E779A2CEF9AE}.Debug|Any CPU.Build.0 = Debug|Any CPU
		{80F7AF0C-2142-49F0-983C-E779A2CEF9AE}.Release|Any CPU.ActiveCfg = Release|Any CPU
		{80F7AF0C-2142-49F0-983C-E779A2CEF9AE}.Release|Any CPU.Build.0 = Release|Any CPU
		{5ADB0A1F-BCD0-4472-8909-F91609AFE3B4}.Debug|Any CPU.ActiveCfg = Debug|Any CPU
		{5ADB0A1F-BCD0-4472-8909-F91609AFE3B4}.Debug|Any CPU.Build.0 = Debug|Any CPU
		{5ADB0A1F-BCD0-4472-8909-F91609AFE3B4}.Release|Any CPU.ActiveCfg = Release|Any CPU
		{5ADB0A1F-BCD0-4472-8909-F91609AFE3B4}.Release|Any CPU.Build.0 = Release|Any CPU
		{4EFE0437-8038-4876-8D10-C20963784301}.Debug|Any CPU.ActiveCfg = Debug|Any CPU
		{4EFE0437-8038-4876-8D10-C20963784301}.Debug|Any CPU.Build.0 = Debug|Any CPU
		{4EFE0437-8038-4876-8D10-C20963784301}.Release|Any CPU.ActiveCfg = Release|Any CPU
		{4EFE0437-8038-4876-8D10-C20963784301}.Release|Any CPU.Build.0 = Release|Any CPU
		{71052FD2-051E-451C-B68D-3219FDCEF737}.Debug|Any CPU.ActiveCfg = Debug|Any CPU
		{71052FD2-051E-451C-B68D-3219FDCEF737}.Debug|Any CPU.Build.0 = Debug|Any CPU
		{71052FD2-051E-451C-B68D-3219FDCEF737}.Release|Any CPU.ActiveCfg = Release|Any CPU
		{71052FD2-051E-451C-B68D-3219FDCEF737}.Release|Any CPU.Build.0 = Release|Any CPU
		{8CEFCCA3-7F4D-44C0-932E-61C96D662A2E}.Debug|Any CPU.ActiveCfg = Debug|Any CPU
		{8CEFCCA3-7F4D-44C0-932E-61C96D662A2E}.Debug|Any CPU.Build.0 = Debug|Any CPU
		{8CEFCCA3-7F4D-44C0-932E-61C96D662A2E}.Release|Any CPU.ActiveCfg = Release|Any CPU
		{8CEFCCA3-7F4D-44C0-932E-61C96D662A2E}.Release|Any CPU.Build.0 = Release|Any CPU
		{3510D798-93BB-4184-A196-ACB46D9723CC}.Debug|Any CPU.ActiveCfg = Debug|Any CPU
		{3510D798-93BB-4184-A196-ACB46D9723CC}.Debug|Any CPU.Build.0 = Debug|Any CPU
		{3510D798-93BB-4184-A196-ACB46D9723CC}.Release|Any CPU.ActiveCfg = Release|Any CPU
		{3510D798-93BB-4184-A196-ACB46D9723CC}.Release|Any CPU.Build.0 = Release|Any CPU
		{ECD6B79E-B756-40E7-BA0B-D62338E85D37}.Debug|Any CPU.ActiveCfg = Debug|Any CPU
		{ECD6B79E-B756-40E7-BA0B-D62338E85D37}.Debug|Any CPU.Build.0 = Debug|Any CPU
		{ECD6B79E-B756-40E7-BA0B-D62338E85D37}.Release|Any CPU.ActiveCfg = Release|Any CPU
		{ECD6B79E-B756-40E7-BA0B-D62338E85D37}.Release|Any CPU.Build.0 = Release|Any CPU
		{479E7D9E-08F0-44C4-92BB-F6681CEDB93F}.Debug|Any CPU.ActiveCfg = Debug|Any CPU
		{479E7D9E-08F0-44C4-92BB-F6681CEDB93F}.Debug|Any CPU.Build.0 = Debug|Any CPU
		{479E7D9E-08F0-44C4-92BB-F6681CEDB93F}.Release|Any CPU.ActiveCfg = Release|Any CPU
		{479E7D9E-08F0-44C4-92BB-F6681CEDB93F}.Release|Any CPU.Build.0 = Release|Any CPU
		{E8E6F4B7-7C50-43B9-BB38-7CAFE69D293B}.Debug|Any CPU.ActiveCfg = Debug|Any CPU
		{E8E6F4B7-7C50-43B9-BB38-7CAFE69D293B}.Debug|Any CPU.Build.0 = Debug|Any CPU
		{E8E6F4B7-7C50-43B9-BB38-7CAFE69D293B}.Release|Any CPU.ActiveCfg = Release|Any CPU
		{E8E6F4B7-7C50-43B9-BB38-7CAFE69D293B}.Release|Any CPU.Build.0 = Release|Any CPU
		{14CB0B11-BCD6-4120-BBFD-95AA63CF3CD4}.Debug|Any CPU.ActiveCfg = Debug|Any CPU
		{14CB0B11-BCD6-4120-BBFD-95AA63CF3CD4}.Debug|Any CPU.Build.0 = Debug|Any CPU
		{14CB0B11-BCD6-4120-BBFD-95AA63CF3CD4}.Release|Any CPU.ActiveCfg = Release|Any CPU
		{14CB0B11-BCD6-4120-BBFD-95AA63CF3CD4}.Release|Any CPU.Build.0 = Release|Any CPU
		{B9E8A208-187A-4FC4-AA28-4B1ED0007D89}.Debug|Any CPU.ActiveCfg = Debug|Any CPU
		{B9E8A208-187A-4FC4-AA28-4B1ED0007D89}.Debug|Any CPU.Build.0 = Debug|Any CPU
		{B9E8A208-187A-4FC4-AA28-4B1ED0007D89}.Release|Any CPU.ActiveCfg = Release|Any CPU
		{B9E8A208-187A-4FC4-AA28-4B1ED0007D89}.Release|Any CPU.Build.0 = Release|Any CPU
		{52B234CB-90EB-4957-8EAB-01F8BA1A48A1}.Debug|Any CPU.ActiveCfg = Debug|Any CPU
		{52B234CB-90EB-4957-8EAB-01F8BA1A48A1}.Debug|Any CPU.Build.0 = Debug|Any CPU
		{52B234CB-90EB-4957-8EAB-01F8BA1A48A1}.Release|Any CPU.ActiveCfg = Release|Any CPU
		{52B234CB-90EB-4957-8EAB-01F8BA1A48A1}.Release|Any CPU.Build.0 = Release|Any CPU
		{0035E7E4-8A88-4D0D-B2E1-CC7070B381E8}.Debug|Any CPU.ActiveCfg = Debug|Any CPU
		{0035E7E4-8A88-4D0D-B2E1-CC7070B381E8}.Debug|Any CPU.Build.0 = Debug|Any CPU
		{0035E7E4-8A88-4D0D-B2E1-CC7070B381E8}.Release|Any CPU.ActiveCfg = Release|Any CPU
		{0035E7E4-8A88-4D0D-B2E1-CC7070B381E8}.Release|Any CPU.Build.0 = Release|Any CPU
		{3A27A164-486B-42D0-A4F3-CA1C5F7EFCA8}.Debug|Any CPU.ActiveCfg = Debug|Any CPU
		{3A27A164-486B-42D0-A4F3-CA1C5F7EFCA8}.Debug|Any CPU.Build.0 = Debug|Any CPU
		{3A27A164-486B-42D0-A4F3-CA1C5F7EFCA8}.Release|Any CPU.ActiveCfg = Release|Any CPU
		{3A27A164-486B-42D0-A4F3-CA1C5F7EFCA8}.Release|Any CPU.Build.0 = Release|Any CPU
		{E91AD68A-0E48-4268-87D6-1A5E46533A82}.Debug|Any CPU.ActiveCfg = Debug|Any CPU
		{E91AD68A-0E48-4268-87D6-1A5E46533A82}.Debug|Any CPU.Build.0 = Debug|Any CPU
		{E91AD68A-0E48-4268-87D6-1A5E46533A82}.Release|Any CPU.ActiveCfg = Release|Any CPU
		{E91AD68A-0E48-4268-87D6-1A5E46533A82}.Release|Any CPU.Build.0 = Release|Any CPU
		{E86FC8D7-3BF0-4913-9761-F2DDEB77B9F2}.Debug|Any CPU.ActiveCfg = Debug|Any CPU
		{E86FC8D7-3BF0-4913-9761-F2DDEB77B9F2}.Debug|Any CPU.Build.0 = Debug|Any CPU
		{E86FC8D7-3BF0-4913-9761-F2DDEB77B9F2}.Release|Any CPU.ActiveCfg = Release|Any CPU
		{E86FC8D7-3BF0-4913-9761-F2DDEB77B9F2}.Release|Any CPU.Build.0 = Release|Any CPU
		{873D9C5E-C31F-4642-8F8A-116275CFE762}.Debug|Any CPU.ActiveCfg = Debug|Any CPU
		{873D9C5E-C31F-4642-8F8A-116275CFE762}.Debug|Any CPU.Build.0 = Debug|Any CPU
		{873D9C5E-C31F-4642-8F8A-116275CFE762}.Release|Any CPU.ActiveCfg = Release|Any CPU
		{873D9C5E-C31F-4642-8F8A-116275CFE762}.Release|Any CPU.Build.0 = Release|Any CPU
		{C824CF02-AEF2-4B2D-8E09-22917458078C}.Debug|Any CPU.ActiveCfg = Debug|Any CPU
		{C824CF02-AEF2-4B2D-8E09-22917458078C}.Debug|Any CPU.Build.0 = Debug|Any CPU
		{C824CF02-AEF2-4B2D-8E09-22917458078C}.Release|Any CPU.ActiveCfg = Release|Any CPU
		{C824CF02-AEF2-4B2D-8E09-22917458078C}.Release|Any CPU.Build.0 = Release|Any CPU
		{7DE94E5E-01D6-458D-9AAF-CED6F06FD0A3}.Debug|Any CPU.ActiveCfg = Debug|Any CPU
		{7DE94E5E-01D6-458D-9AAF-CED6F06FD0A3}.Debug|Any CPU.Build.0 = Debug|Any CPU
		{7DE94E5E-01D6-458D-9AAF-CED6F06FD0A3}.Release|Any CPU.ActiveCfg = Release|Any CPU
		{7DE94E5E-01D6-458D-9AAF-CED6F06FD0A3}.Release|Any CPU.Build.0 = Release|Any CPU
		{389A5331-DB8B-4BD3-B221-D1C635ABE2D6}.Debug|Any CPU.ActiveCfg = Debug|Any CPU
		{389A5331-DB8B-4BD3-B221-D1C635ABE2D6}.Debug|Any CPU.Build.0 = Debug|Any CPU
		{389A5331-DB8B-4BD3-B221-D1C635ABE2D6}.Release|Any CPU.ActiveCfg = Release|Any CPU
		{389A5331-DB8B-4BD3-B221-D1C635ABE2D6}.Release|Any CPU.Build.0 = Release|Any CPU
		{2422488E-C575-4C6C-BDC3-A984D7A92A75}.Debug|Any CPU.ActiveCfg = Debug|Any CPU
		{2422488E-C575-4C6C-BDC3-A984D7A92A75}.Debug|Any CPU.Build.0 = Debug|Any CPU
		{2422488E-C575-4C6C-BDC3-A984D7A92A75}.Release|Any CPU.ActiveCfg = Release|Any CPU
		{2422488E-C575-4C6C-BDC3-A984D7A92A75}.Release|Any CPU.Build.0 = Release|Any CPU
		{D1DB83F0-11BD-44FA-8DE0-29C8BCA65746}.Debug|Any CPU.ActiveCfg = Debug|Any CPU
		{D1DB83F0-11BD-44FA-8DE0-29C8BCA65746}.Debug|Any CPU.Build.0 = Debug|Any CPU
		{D1DB83F0-11BD-44FA-8DE0-29C8BCA65746}.Release|Any CPU.ActiveCfg = Release|Any CPU
		{D1DB83F0-11BD-44FA-8DE0-29C8BCA65746}.Release|Any CPU.Build.0 = Release|Any CPU
		{40F5CC36-B8F1-4265-9441-5C32DA96C807}.Debug|Any CPU.ActiveCfg = Debug|Any CPU
		{40F5CC36-B8F1-4265-9441-5C32DA96C807}.Debug|Any CPU.Build.0 = Debug|Any CPU
		{40F5CC36-B8F1-4265-9441-5C32DA96C807}.Release|Any CPU.ActiveCfg = Release|Any CPU
		{40F5CC36-B8F1-4265-9441-5C32DA96C807}.Release|Any CPU.Build.0 = Release|Any CPU
		{6723B2DB-1807-4655-BC7D-C464465126B3}.Debug|Any CPU.ActiveCfg = Debug|Any CPU
		{6723B2DB-1807-4655-BC7D-C464465126B3}.Debug|Any CPU.Build.0 = Debug|Any CPU
		{6723B2DB-1807-4655-BC7D-C464465126B3}.Release|Any CPU.ActiveCfg = Release|Any CPU
		{6723B2DB-1807-4655-BC7D-C464465126B3}.Release|Any CPU.Build.0 = Release|Any CPU
		{0F5CA1CD-4B81-4924-82AB-51E1860D9BFD}.Debug|Any CPU.ActiveCfg = Debug|Any CPU
		{0F5CA1CD-4B81-4924-82AB-51E1860D9BFD}.Debug|Any CPU.Build.0 = Debug|Any CPU
		{0F5CA1CD-4B81-4924-82AB-51E1860D9BFD}.Release|Any CPU.ActiveCfg = Release|Any CPU
		{0F5CA1CD-4B81-4924-82AB-51E1860D9BFD}.Release|Any CPU.Build.0 = Release|Any CPU
		{B6DE2337-CE53-4026-BA0C-E6EAE22072E7}.Debug|Any CPU.ActiveCfg = Debug|Any CPU
		{B6DE2337-CE53-4026-BA0C-E6EAE22072E7}.Debug|Any CPU.Build.0 = Debug|Any CPU
		{B6DE2337-CE53-4026-BA0C-E6EAE22072E7}.Release|Any CPU.ActiveCfg = Release|Any CPU
		{B6DE2337-CE53-4026-BA0C-E6EAE22072E7}.Release|Any CPU.Build.0 = Release|Any CPU
		{02CD2B47-80F8-4152-9903-9748A7DCD76D}.Debug|Any CPU.ActiveCfg = Debug|Any CPU
		{02CD2B47-80F8-4152-9903-9748A7DCD76D}.Debug|Any CPU.Build.0 = Debug|Any CPU
		{02CD2B47-80F8-4152-9903-9748A7DCD76D}.Release|Any CPU.ActiveCfg = Release|Any CPU
		{02CD2B47-80F8-4152-9903-9748A7DCD76D}.Release|Any CPU.Build.0 = Release|Any CPU
		{5BAAF1B5-4EEC-45CC-92BD-9674D170F91D}.Debug|Any CPU.ActiveCfg = Debug|Any CPU
		{5BAAF1B5-4EEC-45CC-92BD-9674D170F91D}.Debug|Any CPU.Build.0 = Debug|Any CPU
		{5BAAF1B5-4EEC-45CC-92BD-9674D170F91D}.Release|Any CPU.ActiveCfg = Release|Any CPU
		{5BAAF1B5-4EEC-45CC-92BD-9674D170F91D}.Release|Any CPU.Build.0 = Release|Any CPU
		{B041F5C1-CD2D-4B2B-BC7B-FE11A50578DF}.Debug|Any CPU.ActiveCfg = Debug|Any CPU
		{B041F5C1-CD2D-4B2B-BC7B-FE11A50578DF}.Debug|Any CPU.Build.0 = Debug|Any CPU
		{B041F5C1-CD2D-4B2B-BC7B-FE11A50578DF}.Release|Any CPU.ActiveCfg = Release|Any CPU
		{B041F5C1-CD2D-4B2B-BC7B-FE11A50578DF}.Release|Any CPU.Build.0 = Release|Any CPU
		{607EC535-9244-4CA8-83F7-63E552A53501}.Debug|Any CPU.ActiveCfg = Debug|Any CPU
		{607EC535-9244-4CA8-83F7-63E552A53501}.Debug|Any CPU.Build.0 = Debug|Any CPU
		{607EC535-9244-4CA8-83F7-63E552A53501}.Release|Any CPU.ActiveCfg = Release|Any CPU
		{607EC535-9244-4CA8-83F7-63E552A53501}.Release|Any CPU.Build.0 = Release|Any CPU
		{5CFDC3E2-A69A-487D-AFE0-98E883C4B3DF}.Debug|Any CPU.ActiveCfg = Debug|Any CPU
		{5CFDC3E2-A69A-487D-AFE0-98E883C4B3DF}.Debug|Any CPU.Build.0 = Debug|Any CPU
		{5CFDC3E2-A69A-487D-AFE0-98E883C4B3DF}.Release|Any CPU.ActiveCfg = Release|Any CPU
		{5CFDC3E2-A69A-487D-AFE0-98E883C4B3DF}.Release|Any CPU.Build.0 = Release|Any CPU
		{C735799B-FD2D-4569-92D3-3A56D20A32F6}.Debug|Any CPU.ActiveCfg = Debug|Any CPU
		{C735799B-FD2D-4569-92D3-3A56D20A32F6}.Debug|Any CPU.Build.0 = Debug|Any CPU
		{C735799B-FD2D-4569-92D3-3A56D20A32F6}.Release|Any CPU.ActiveCfg = Release|Any CPU
		{C735799B-FD2D-4569-92D3-3A56D20A32F6}.Release|Any CPU.Build.0 = Release|Any CPU
		{0A926BBF-8306-4690-A144-FBB6767CE0E1}.Debug|Any CPU.ActiveCfg = Debug|Any CPU
		{0A926BBF-8306-4690-A144-FBB6767CE0E1}.Debug|Any CPU.Build.0 = Debug|Any CPU
		{0A926BBF-8306-4690-A144-FBB6767CE0E1}.Release|Any CPU.ActiveCfg = Release|Any CPU
		{0A926BBF-8306-4690-A144-FBB6767CE0E1}.Release|Any CPU.Build.0 = Release|Any CPU
		{0E43B514-D241-4C05-A99D-6868FD43F254}.Debug|Any CPU.ActiveCfg = Debug|Any CPU
		{0E43B514-D241-4C05-A99D-6868FD43F254}.Debug|Any CPU.Build.0 = Debug|Any CPU
		{0E43B514-D241-4C05-A99D-6868FD43F254}.Release|Any CPU.ActiveCfg = Release|Any CPU
		{0E43B514-D241-4C05-A99D-6868FD43F254}.Release|Any CPU.Build.0 = Release|Any CPU
	EndGlobalSection
	GlobalSection(NestedProjects) = preSolution
		{F18090CD-47B3-4CBE-9CAB-7BE7104CDA51} = {41BE4ED0-F343-41F2-AD53-156B92C870C2}
		{8EFC2624-7B46-4E59-9DC2-7C13A3B6AB42} = {F18090CD-47B3-4CBE-9CAB-7BE7104CDA51}
		{99FC2DD6-455B-4292-B8D0-047FB59D1583} = {F18090CD-47B3-4CBE-9CAB-7BE7104CDA51}
		{3E39148E-9920-405D-A95A-8FD9D1D99849} = {F18090CD-47B3-4CBE-9CAB-7BE7104CDA51}
		{AA8696AB-CF01-4E05-AF7E-6BACFCF8AF30} = {F18090CD-47B3-4CBE-9CAB-7BE7104CDA51}
		{663F3CEF-AE56-41CE-8FF7-84DF712043CB} = {41BE4ED0-F343-41F2-AD53-156B92C870C2}
		{579038A0-7943-4768-91F1-0D22C8F9DC94} = {663F3CEF-AE56-41CE-8FF7-84DF712043CB}
		{4374F141-55EE-4BBF-BE58-D327FF302575} = {663F3CEF-AE56-41CE-8FF7-84DF712043CB}
		{52B8F015-AB76-41BA-BA2E-1D5D7344DAE9} = {663F3CEF-AE56-41CE-8FF7-84DF712043CB}
		{4626DAD8-EF0B-4F82-892D-B043EB7A58C9} = {663F3CEF-AE56-41CE-8FF7-84DF712043CB}
		{DD767A92-3A48-4123-8AD7-EF300455E57E} = {41BE4ED0-F343-41F2-AD53-156B92C870C2}
		{C3A2AF50-5C21-4F48-B790-56AAD9094B14} = {DD767A92-3A48-4123-8AD7-EF300455E57E}
		{B05B8E0D-F34A-47DC-8DD6-8168A0574271} = {DD767A92-3A48-4123-8AD7-EF300455E57E}
		{C47ECD25-56C1-49DD-8B57-2B8349E49921} = {DD767A92-3A48-4123-8AD7-EF300455E57E}
		{80F7AF0C-2142-49F0-983C-E779A2CEF9AE} = {DD767A92-3A48-4123-8AD7-EF300455E57E}
		{2789EDAF-74B6-4A3D-9ABB-65627F873FA7} = {41BE4ED0-F343-41F2-AD53-156B92C870C2}
		{5ADB0A1F-BCD0-4472-8909-F91609AFE3B4} = {2789EDAF-74B6-4A3D-9ABB-65627F873FA7}
		{4EFE0437-8038-4876-8D10-C20963784301} = {2789EDAF-74B6-4A3D-9ABB-65627F873FA7}
		{71052FD2-051E-451C-B68D-3219FDCEF737} = {2789EDAF-74B6-4A3D-9ABB-65627F873FA7}
		{8CEFCCA3-7F4D-44C0-932E-61C96D662A2E} = {2789EDAF-74B6-4A3D-9ABB-65627F873FA7}
		{8C129A20-14BF-41A0-9E5D-27BE0AA51BC8} = {41BE4ED0-F343-41F2-AD53-156B92C870C2}
		{3510D798-93BB-4184-A196-ACB46D9723CC} = {8C129A20-14BF-41A0-9E5D-27BE0AA51BC8}
		{ECD6B79E-B756-40E7-BA0B-D62338E85D37} = {8C129A20-14BF-41A0-9E5D-27BE0AA51BC8}
		{479E7D9E-08F0-44C4-92BB-F6681CEDB93F} = {8C129A20-14BF-41A0-9E5D-27BE0AA51BC8}
		{E8E6F4B7-7C50-43B9-BB38-7CAFE69D293B} = {8C129A20-14BF-41A0-9E5D-27BE0AA51BC8}
		{6AB762FA-0C35-4614-9D0B-D1E974738A9C} = {41BE4ED0-F343-41F2-AD53-156B92C870C2}
		{14CB0B11-BCD6-4120-BBFD-95AA63CF3CD4} = {6AB762FA-0C35-4614-9D0B-D1E974738A9C}
		{B9E8A208-187A-4FC4-AA28-4B1ED0007D89} = {6AB762FA-0C35-4614-9D0B-D1E974738A9C}
		{52B234CB-90EB-4957-8EAB-01F8BA1A48A1} = {6AB762FA-0C35-4614-9D0B-D1E974738A9C}
		{0035E7E4-8A88-4D0D-B2E1-CC7070B381E8} = {6AB762FA-0C35-4614-9D0B-D1E974738A9C}
		{BEAA8E88-FD34-4B32-B96E-7C5D176CA344} = {41BE4ED0-F343-41F2-AD53-156B92C870C2}
		{3A27A164-486B-42D0-A4F3-CA1C5F7EFCA8} = {BEAA8E88-FD34-4B32-B96E-7C5D176CA344}
		{E91AD68A-0E48-4268-87D6-1A5E46533A82} = {BEAA8E88-FD34-4B32-B96E-7C5D176CA344}
		{E86FC8D7-3BF0-4913-9761-F2DDEB77B9F2} = {BEAA8E88-FD34-4B32-B96E-7C5D176CA344}
		{873D9C5E-C31F-4642-8F8A-116275CFE762} = {BEAA8E88-FD34-4B32-B96E-7C5D176CA344}
		{66BACE45-3CF8-49F4-9B24-D521EDD7213B} = {41BE4ED0-F343-41F2-AD53-156B92C870C2}
		{C824CF02-AEF2-4B2D-8E09-22917458078C} = {66BACE45-3CF8-49F4-9B24-D521EDD7213B}
		{7DE94E5E-01D6-458D-9AAF-CED6F06FD0A3} = {66BACE45-3CF8-49F4-9B24-D521EDD7213B}
		{389A5331-DB8B-4BD3-B221-D1C635ABE2D6} = {66BACE45-3CF8-49F4-9B24-D521EDD7213B}
		{2422488E-C575-4C6C-BDC3-A984D7A92A75} = {66BACE45-3CF8-49F4-9B24-D521EDD7213B}
		{E923D54E-5DD5-4C73-802E-1DDDDD182DDD} = {41BE4ED0-F343-41F2-AD53-156B92C870C2}
		{D1DB83F0-11BD-44FA-8DE0-29C8BCA65746} = {E923D54E-5DD5-4C73-802E-1DDDDD182DDD}
		{40F5CC36-B8F1-4265-9441-5C32DA96C807} = {E923D54E-5DD5-4C73-802E-1DDDDD182DDD}
		{6723B2DB-1807-4655-BC7D-C464465126B3} = {E923D54E-5DD5-4C73-802E-1DDDDD182DDD}
		{0F5CA1CD-4B81-4924-82AB-51E1860D9BFD} = {E923D54E-5DD5-4C73-802E-1DDDDD182DDD}
		{CFFA4AFB-9B9A-47B4-BACA-B6811E53035E} = {41BE4ED0-F343-41F2-AD53-156B92C870C2}
		{B6DE2337-CE53-4026-BA0C-E6EAE22072E7} = {CFFA4AFB-9B9A-47B4-BACA-B6811E53035E}
		{02CD2B47-80F8-4152-9903-9748A7DCD76D} = {CFFA4AFB-9B9A-47B4-BACA-B6811E53035E}
		{5BAAF1B5-4EEC-45CC-92BD-9674D170F91D} = {CFFA4AFB-9B9A-47B4-BACA-B6811E53035E}
		{B041F5C1-CD2D-4B2B-BC7B-FE11A50578DF} = {CFFA4AFB-9B9A-47B4-BACA-B6811E53035E}
		{EC79A5CE-CDC5-4738-8626-238AE751E9ED} = {41BE4ED0-F343-41F2-AD53-156B92C870C2}
		{607EC535-9244-4CA8-83F7-63E552A53501} = {EC79A5CE-CDC5-4738-8626-238AE751E9ED}
		{5CFDC3E2-A69A-487D-AFE0-98E883C4B3DF} = {EC79A5CE-CDC5-4738-8626-238AE751E9ED}
		{C735799B-FD2D-4569-92D3-3A56D20A32F6} = {EC79A5CE-CDC5-4738-8626-238AE751E9ED}
		{0A926BBF-8306-4690-A144-FBB6767CE0E1} = {EC79A5CE-CDC5-4738-8626-238AE751E9ED}
	EndGlobalSection
EndGlobal
